Microsoft Visual Studio Solution File, Format Version 12.00
# Visual Studio Version 17
VisualStudioVersion = 17.5.2.0
MinimumVisualStudioVersion = 10.0.40219.1
Project("{FAE04EC0-301F-11D3-BF4B-00C04F79EFBC}") = "BatEscaper", "BatEscaper\BatEscaper.csproj", "{515A2AC2-26FB-A92B-188F-3A621552453B}"
EndProject
Project("{FAE04EC0-301F-11D3-BF4B-00C04F79EFBC}") = "BatEscaper.Test", "BatEscaper.Test\BatEscaper.Test.csproj", "{7B81D0B5-82BC-45C1-919D-EE0FE0DE475D}"
EndProject
Global
	GlobalSection(SolutionConfigurationPlatforms) = preSolution
		Debug|Any CPU = Debug|Any CPU
		Release|Any CPU = Release|Any CPU
	EndGlobalSection
	GlobalSection(ProjectConfigurationPlatforms) = postSolution
		{515A2AC2-26FB-A92B-188F-3A621552453B}.Debug|Any CPU.ActiveCfg = Debug|Any CPU
		{515A2AC2-26FB-A92B-188F-3A621552453B}.Debug|Any CPU.Build.0 = Debug|Any CPU
		{515A2AC2-26FB-A92B-188F-3A621552453B}.Release|Any CPU.ActiveCfg = Release|Any CPU
		{515A2AC2-26FB-A92B-188F-3A621552453B}.Release|Any CPU.Build.0 = Release|Any CPU
		{7B81D0B5-82BC-45C1-919D-EE0FE0DE475D}.Debug|Any CPU.ActiveCfg = Debug|Any CPU
		{7B81D0B5-82BC-45C1-919D-EE0FE0DE475D}.Debug|Any CPU.Build.0 = Debug|Any CPU
		{7B81D0B5-82BC-45C1-919D-EE0FE0DE475D}.Release|Any CPU.ActiveCfg = Release|Any CPU
		{7B81D0B5-82BC-45C1-919D-EE0FE0DE475D}.Release|Any CPU.Build.0 = Release|Any CPU
	EndGlobalSection
	GlobalSection(SolutionProperties) = preSolution
		HideSolutionNode = FALSE
	EndGlobalSection
	GlobalSection(ExtensibilityGlobals) = postSolution
		SolutionGuid = {D7EE8775-5483-42B8-A5A9-3C47EAB80D87}
	EndGlobalSection
EndGlobal
